
Microsoft Visual Studio Solution File, Format Version 12.00
# Visual Studio Version 16
VisualStudioVersion = 16.0.30002.166
MinimumVisualStudioVersion = 10.0.40219.1
Project("{FAE04EC0-301F-11D3-BF4B-00C04F79EFBC}") = "jenkinDockerContainerDemo", "jenkinDockerContainerDemo\jenkinDockerContainerDemo.csproj", "{F06F530A-C202-425C-865B-F235BCFBE8D8}"
EndProject
Global
	GlobalSection(SolutionConfigurationPlatforms) = preSolution
		Debug|Any CPU = Debug|Any CPU
		Release|Any CPU = Release|Any CPU
	EndGlobalSection
	GlobalSection(ProjectConfigurationPlatforms) = postSolution
		{F06F530A-C202-425C-865B-F235BCFBE8D8}.Debug|Any CPU.ActiveCfg = Debug|Any CPU
		{F06F530A-C202-425C-865B-F235BCFBE8D8}.Debug|Any CPU.Build.0 = Debug|Any CPU
		{F06F530A-C202-425C-865B-F235BCFBE8D8}.Release|Any CPU.ActiveCfg = Release|Any CPU
		{F06F530A-C202-425C-865B-F235BCFBE8D8}.Release|Any CPU.Build.0 = Release|Any CPU
	EndGlobalSection
	GlobalSection(SolutionProperties) = preSolution
		HideSolutionNode = FALSE
	EndGlobalSection
	GlobalSection(ExtensibilityGlobals) = postSolution
		SolutionGuid = {C7EE3C08-33B6-4DB1-93F2-60DB524C4F0B}
	EndGlobalSection
EndGlobal
